
Microsoft Visual Studio Solution File, Format Version 12.00
# Visual Studio Version 16
VisualStudioVersion = 16.0.31702.278
MinimumVisualStudioVersion = 10.0.40219.1
Project("{FAE04EC0-301F-11D3-BF4B-00C04F79EFBC}") = "QuizPrg282", "QuizPrg282\QuizPrg282.csproj", "{FF0D9B6E-33BD-445F-A07D-B0999C8777BE}"
EndProject
Global
	GlobalSection(SolutionConfigurationPlatforms) = preSolution
		Debug|Any CPU = Debug|Any CPU
		Release|Any CPU = Release|Any CPU
	EndGlobalSection
	GlobalSection(ProjectConfigurationPlatforms) = postSolution
		{FF0D9B6E-33BD-445F-A07D-B0999C8777BE}.Debug|Any CPU.ActiveCfg = Debug|Any CPU
		{FF0D9B6E-33BD-445F-A07D-B0999C8777BE}.Debug|Any CPU.Build.0 = Debug|Any CPU
		{FF0D9B6E-33BD-445F-A07D-B0999C8777BE}.Release|Any CPU.ActiveCfg = Release|Any CPU
		{FF0D9B6E-33BD-445F-A07D-B0999C8777BE}.Release|Any CPU.Build.0 = Release|Any CPU
	EndGlobalSection
	GlobalSection(SolutionProperties) = preSolution
		HideSolutionNode = FALSE
	EndGlobalSection
	GlobalSection(ExtensibilityGlobals) = postSolution
		SolutionGuid = {8020445F-0857-449D-9206-AFB9ACE7255B}
	EndGlobalSection
EndGlobal
